
Microsoft Visual Studio Solution File, Format Version 12.00
# Visual Studio Version 16
VisualStudioVersion = 16.0.29926.136
MinimumVisualStudioVersion = 10.0.40219.1
Project("{9A19103F-16F7-4668-BE54-9A1E7A4F7556}") = "SudokuSolverTest", "SudokuSolverTest\SudokuSolverTest.csproj", "{68D3D966-F97E-48AC-B86E-22D0C2F9A1B7}"
EndProject
Project("{FAE04EC0-301F-11D3-BF4B-00C04F79EFBC}") = "SudokuSolver", "SudokuSolver\SudokuSolver.csproj", "{EE5D8CB2-5C47-4F45-BEE4-94F5334ED60A}"
EndProject
Global
	GlobalSection(SolutionConfigurationPlatforms) = preSolution
		Debug|Any CPU = Debug|Any CPU
		Release|Any CPU = Release|Any CPU
	EndGlobalSection
	GlobalSection(ProjectConfigurationPlatforms) = postSolution
		{68D3D966-F97E-48AC-B86E-22D0C2F9A1B7}.Debug|Any CPU.ActiveCfg = Debug|Any CPU
		{68D3D966-F97E-48AC-B86E-22D0C2F9A1B7}.Debug|Any CPU.Build.0 = Debug|Any CPU
		{68D3D966-F97E-48AC-B86E-22D0C2F9A1B7}.Release|Any CPU.ActiveCfg = Release|Any CPU
		{68D3D966-F97E-48AC-B86E-22D0C2F9A1B7}.Release|Any CPU.Build.0 = Release|Any CPU
		{EE5D8CB2-5C47-4F45-BEE4-94F5334ED60A}.Debug|Any CPU.ActiveCfg = Debug|Any CPU
		{EE5D8CB2-5C47-4F45-BEE4-94F5334ED60A}.Debug|Any CPU.Build.0 = Debug|Any CPU
		{EE5D8CB2-5C47-4F45-BEE4-94F5334ED60A}.Release|Any CPU.ActiveCfg = Release|Any CPU
		{EE5D8CB2-5C47-4F45-BEE4-94F5334ED60A}.Release|Any CPU.Build.0 = Release|Any CPU
	EndGlobalSection
	GlobalSection(SolutionProperties) = preSolution
		HideSolutionNode = FALSE
	EndGlobalSection
	GlobalSection(ExtensibilityGlobals) = postSolution
		SolutionGuid = {6C052581-AFAF-4762-941C-E7158A74E4ED}
	EndGlobalSection
EndGlobal
